
Microsoft Visual Studio Solution File, Format Version 12.00
# Visual Studio Version 17
VisualStudioVersion = 17.12.35527.113 d17.12
MinimumVisualStudioVersion = 10.0.40219.1
Project("{FAE04EC0-301F-11D3-BF4B-00C04F79EFBC}") = "ThucHanhB2", "ThucHanhB2\ThucHanhB2.csproj", "{706907E0-DBC2-433E-AC8D-E204A2F1A4D6}"
EndProject
Global
	GlobalSection(SolutionConfigurationPlatforms) = preSolution
		Debug|Any CPU = Debug|Any CPU
		Release|Any CPU = Release|Any CPU
	EndGlobalSection
	GlobalSection(ProjectConfigurationPlatforms) = postSolution
		{706907E0-DBC2-433E-AC8D-E204A2F1A4D6}.Debug|Any CPU.ActiveCfg = Debug|Any CPU
		{706907E0-DBC2-433E-AC8D-E204A2F1A4D6}.Debug|Any CPU.Build.0 = Debug|Any CPU
		{706907E0-DBC2-433E-AC8D-E204A2F1A4D6}.Release|Any CPU.ActiveCfg = Release|Any CPU
		{706907E0-DBC2-433E-AC8D-E204A2F1A4D6}.Release|Any CPU.Build.0 = Release|Any CPU
	EndGlobalSection
	GlobalSection(SolutionProperties) = preSolution
		HideSolutionNode = FALSE
	EndGlobalSection
EndGlobal
